
Microsoft Visual Studio Solution File, Format Version 12.00
# Visual Studio Version 17
VisualStudioVersion = 17.11.35327.3
MinimumVisualStudioVersion = 10.0.40219.1
Project("{8BC9CEB8-8B4A-11D0-8D11-00A0C91BC942}") = "lab4", "lab4\lab4.vcxproj", "{05239E47-1918-49F3-93E7-E26B04B6CD82}"
EndProject
Global
	GlobalSection(SolutionConfigurationPlatforms) = preSolution
		Debug|x64 = Debug|x64
		Debug|x86 = Debug|x86
		Release|x64 = Release|x64
		Release|x86 = Release|x86
	EndGlobalSection
	GlobalSection(ProjectConfigurationPlatforms) = postSolution
		{05239E47-1918-49F3-93E7-E26B04B6CD82}.Debug|x64.ActiveCfg = Debug|x64
		{05239E47-1918-49F3-93E7-E26B04B6CD82}.Debug|x64.Build.0 = Debug|x64
		{05239E47-1918-49F3-93E7-E26B04B6CD82}.Debug|x86.ActiveCfg = Debug|Win32
		{05239E47-1918-49F3-93E7-E26B04B6CD82}.Debug|x86.Build.0 = Debug|Win32
		{05239E47-1918-49F3-93E7-E26B04B6CD82}.Release|x64.ActiveCfg = Release|x64
		{05239E47-1918-49F3-93E7-E26B04B6CD82}.Release|x64.Build.0 = Release|x64
		{05239E47-1918-49F3-93E7-E26B04B6CD82}.Release|x86.ActiveCfg = Release|Win32
		{05239E47-1918-49F3-93E7-E26B04B6CD82}.Release|x86.Build.0 = Release|Win32
	EndGlobalSection
	GlobalSection(SolutionProperties) = preSolution
		HideSolutionNode = FALSE
	EndGlobalSection
	GlobalSection(ExtensibilityGlobals) = postSolution
		SolutionGuid = {3BD3E09D-42DF-4950-8823-0F2A903A2CFA}
	EndGlobalSection
EndGlobal
